
Microsoft Visual Studio Solution File, Format Version 12.00
# Visual Studio Version 17
VisualStudioVersion = 17.14.36203.30
MinimumVisualStudioVersion = 10.0.40219.1
Project("{FAE04EC0-301F-11D3-BF4B-00C04F79EFBC}") = "GitManagerApp", "GitManagerApp\GitManagerApp.csproj", "{675549D1-D5A0-4676-9A6B-4C410B3221CF}"
EndProject
Project("{FAE04EC0-301F-11D3-BF4B-00C04F79EFBC}") = "GitManagerApp.Tests", "GitManagerApp.Tests\GitManagerApp.Tests.csproj", "{F6F6CDBA-2E71-4B5C-8AD7-139FD033D398}"
EndProject
Global
	GlobalSection(SolutionConfigurationPlatforms) = preSolution
		Debug|Any CPU = Debug|Any CPU
		Release|Any CPU = Release|Any CPU
	EndGlobalSection
	GlobalSection(ProjectConfigurationPlatforms) = postSolution
		{675549D1-D5A0-4676-9A6B-4C410B3221CF}.Debug|Any CPU.ActiveCfg = Debug|Any CPU
		{675549D1-D5A0-4676-9A6B-4C410B3221CF}.Debug|Any CPU.Build.0 = Debug|Any CPU
		{675549D1-D5A0-4676-9A6B-4C410B3221CF}.Release|Any CPU.ActiveCfg = Release|Any CPU
		{675549D1-D5A0-4676-9A6B-4C410B3221CF}.Release|Any CPU.Build.0 = Release|Any CPU
		{F6F6CDBA-2E71-4B5C-8AD7-139FD033D398}.Debug|Any CPU.ActiveCfg = Debug|Any CPU
		{F6F6CDBA-2E71-4B5C-8AD7-139FD033D398}.Debug|Any CPU.Build.0 = Debug|Any CPU
		{F6F6CDBA-2E71-4B5C-8AD7-139FD033D398}.Release|Any CPU.ActiveCfg = Release|Any CPU
		{F6F6CDBA-2E71-4B5C-8AD7-139FD033D398}.Release|Any CPU.Build.0 = Release|Any CPU
	EndGlobalSection
	GlobalSection(SolutionProperties) = preSolution
		HideSolutionNode = FALSE
	EndGlobalSection
	GlobalSection(ExtensibilityGlobals) = postSolution
		SolutionGuid = {85E2EE5C-9695-4A28-B498-67437DAD8100}
	EndGlobalSection
EndGlobal
